{
  "name": "contentAgregator",
  "lockfileVersion": 2,
  "requires": true,
  "packages": {
    "": {
      "dependencies": {
        "@tarekraafat/autocomplete.js": "^10.2.6"
      }
    },
    "node_modules/@tarekraafat/autocomplete.js": {
      "version": "10.2.6",
      "resolved": "https://registry.npmjs.org/@tarekraafat/autocomplete.js/-/autocomplete.js-10.2.6.tgz",
      "integrity": "sha512-M3awL75YTQVHev4XlWGRKJalwVG3MGgtNnbRdtNipcyMcAV1sfkireBM8BKL/vhFhrus+6/5KZfj/DJDu8X0mg==",
      "funding": [
        {
          "type": "opencollective",
          "url": "https://opencollective.com/autocompletejs"
        },
        {
          "type": "liberapay",
          "url": "https://liberapay.com/TarekRaafat"
        },
        {
          "type": "patreon",
          "url": "https://patreon.com/TarekRaafat"
        }
      ]
    }
  },
  "dependencies": {
    "@tarekraafat/autocomplete.js": {
      "version": "10.2.6",
      "resolved": "https://registry.npmjs.org/@tarekraafat/autocomplete.js/-/autocomplete.js-10.2.6.tgz",
      "integrity": "sha512-M3awL75YTQVHev4XlWGRKJalwVG3MGgtNnbRdtNipcyMcAV1sfkireBM8BKL/vhFhrus+6/5KZfj/DJDu8X0mg=="
    }
  }
}
